// !$*UTF8*$!
{
	archiveVersion = 1;
	classes = {
	};
	objectVersion = 46;
	objects = {

/* Begin PBXBuildFile section */
		25417E1C18AE03C60093AD8E /* Foundation.framework in Frameworks */ = {isa = PBXBuildFile; fileRef = 25417E1B18AE03C60093AD8E /* Foundation.framework */; };
		25417E1E18AE03C60093AD8E /* CoreGraphics.framework in Frameworks */ = {isa = PBXBuildFile; fileRef = 25417E1D18AE03C60093AD8E /* CoreGraphics.framework */; };
		25417E2018AE03C60093AD8E /* UIKit.framework in Frameworks */ = {isa = PBXBuildFile; fileRef = 25417E1F18AE03C60093AD8E /* UIKit.framework */; };
		25417E2618AE03C60093AD8E /* InfoPlist.strings in Resources */ = {isa = PBXBuildFile; fileRef = 25417E2418AE03C60093AD8E /* InfoPlist.strings */; };
		25417E2818AE03C60093AD8E /* main.m in Sources */ = {isa = PBXBuildFile; fileRef = 25417E2718AE03C60093AD8E /* main.m */; };
		25417E2C18AE03C60093AD8E /* TextStatsAppDelegate.m in Sources */ = {isa = PBXBuildFile; fileRef = 25417E2B18AE03C60093AD8E /* TextStatsAppDelegate.m */; };
		25417E2F18AE03C60093AD8E /* Main.storyboard in Resources */ = {isa = PBXBuildFile; fileRef = 25417E2D18AE03C60093AD8E /* Main.storyboard */; };
		25417E3218AE03C60093AD8E /* TextStatsViewController.m in Sources */ = {isa = PBXBuildFile; fileRef = 25417E3118AE03C60093AD8E /* TextStatsViewController.m */; };
		25417E3418AE03C60093AD8E /* Images.xcassets in Resources */ = {isa = PBXBuildFile; fileRef = 25417E3318AE03C60093AD8E /* Images.xcassets */; };
		25417E3B18AE03C60093AD8E /* XCTest.framework in Frameworks */ = {isa = PBXBuildFile; fileRef = 25417E3A18AE03C60093AD8E /* XCTest.framework */; };
		25417E3C18AE03C60093AD8E /* Foundation.framework in Frameworks */ = {isa = PBXBuildFile; fileRef = 25417E1B18AE03C60093AD8E /* Foundation.framework */; };
		25417E3D18AE03C60093AD8E /* UIKit.framework in Frameworks */ = {isa = PBXBuildFile; fileRef = 25417E1F18AE03C60093AD8E /* UIKit.framework */; };
		25417E4518AE03C60093AD8E /* InfoPlist.strings in Resources */ = {isa = PBXBuildFile; fileRef = 25417E4318AE03C60093AD8E /* InfoPlist.strings */; };
		25417E4718AE03C60093AD8E /* TextAttributesAnalyzerTests.m in Sources */ = {isa = PBXBuildFile; fileRef = 25417E4618AE03C60093AD8E /* TextAttributesAnalyzerTests.m */; };
		25417E5218AE10C30093AD8E /* AttributorViewController.m in Sources */ = {isa = PBXBuildFile; fileRef = 25417E5118AE10C30093AD8E /* AttributorViewController.m */; };
/* End PBXBuildFile section */

/* Begin PBXContainerItemProxy section */
		25417E3E18AE03C60093AD8E /* PBXContainerItemProxy */ = {
			isa = PBXContainerItemProxy;
			containerPortal = 25417E1018AE03C60093AD8E /* Project object */;
			proxyType = 1;
			remoteGlobalIDString = 25417E1718AE03C60093AD8E;
			remoteInfo = TextAttributesAnalyzer;
		};
/* End PBXContainerItemProxy section */

/* Begin PBXFileReference section */
		25417E1818AE03C60093AD8E /* TextAttributesAnalyzer.app */ = {isa = PBXFileReference; explicitFileType = wrapper.application; includeInIndex = 0; path = TextAttributesAnalyzer.app; sourceTree = BUILT_PRODUCTS_DIR; };
		25417E1B18AE03C60093AD8E /* Foundation.framework */ = {isa = PBXFileReference; lastKnownFileType = wrapper.framework; name = Foundation.framework; path = System/Library/Frameworks/Foundation.framework; sourceTree = SDKROOT; };
		25417E1D18AE03C60093AD8E /* CoreGraphics.framework */ = {isa = PBXFileReference; lastKnownFileType = wrapper.framework; name = CoreGraphics.framework; path = System/Library/Frameworks/CoreGraphics.framework; sourceTree = SDKROOT; };
		25417E1F18AE03C60093AD8E /* UIKit.framework */ = {isa = PBXFileReference; lastKnownFileType = wrapper.framework; name = UIKit.framework; path = System/Library/Frameworks/UIKit.framework; sourceTree = SDKROOT; };
		25417E2318AE03C60093AD8E /* TextAttributesAnalyzer-Info.plist */ = {isa = PBXFileReference; lastKnownFileType = text.plist.xml; path = "TextAttributesAnalyzer-Info.plist"; sourceTree = "<group>"; };
		25417E2518AE03C60093AD8E /* en */ = {isa = PBXFileReference; lastKnownFileType = text.plist.strings; name = en; path = en.lproj/InfoPlist.strings; sourceTree = "<group>"; };
		25417E2718AE03C60093AD8E /* main.m */ = {isa = PBXFileReference; lastKnownFileType = sourcecode.c.objc; path = main.m; sourceTree = "<group>"; };
		25417E2918AE03C60093AD8E /* TextAttributesAnalyzer-Prefix.pch */ = {isa = PBXFileReference; lastKnownFileType = sourcecode.c.h; path = "TextAttributesAnalyzer-Prefix.pch"; sourceTree = "<group>"; };
		25417E2A18AE03C60093AD8E /* TextStatsAppDelegate.h */ = {isa = PBXFileReference; lastKnownFileType = sourcecode.c.h; path = TextStatsAppDelegate.h; sourceTree = "<group>"; };
		25417E2B18AE03C60093AD8E /* TextStatsAppDelegate.m */ = {isa = PBXFileReference; lastKnownFileType = sourcecode.c.objc; path = TextStatsAppDelegate.m; sourceTree = "<group>"; };
		25417E2E18AE03C60093AD8E /* Base */ = {isa = PBXFileReference; lastKnownFileType = file.storyboard; name = Base; path = Base.lproj/Main.storyboard; sourceTree = "<group>"; };
		25417E3018AE03C60093AD8E /* TextStatsViewController.h */ = {isa = PBXFileReference; lastKnownFileType = sourcecode.c.h; path = TextStatsViewController.h; sourceTree = "<group>"; };
		25417E3118AE03C60093AD8E /* TextStatsViewController.m */ = {isa = PBXFileReference; lastKnownFileType = sourcecode.c.objc; path = TextStatsViewController.m; sourceTree = "<group>"; };
		25417E3318AE03C60093AD8E /* Images.xcassets */ = {isa = PBXFileReference; lastKnownFileType = folder.assetcatalog; path = Images.xcassets; sourceTree = "<group>"; };
		25417E3918AE03C60093AD8E /* TextAttributesAnalyzerTests.xctest */ = {isa = PBXFileReference; explicitFileType = wrapper.cfbundle; includeInIndex = 0; path = TextAttributesAnalyzerTests.xctest; sourceTree = BUILT_PRODUCTS_DIR; };
		25417E3A18AE03C60093AD8E /* XCTest.framework */ = {isa = PBXFileReference; lastKnownFileType = wrapper.framework; name = XCTest.framework; path = Library/Frameworks/XCTest.framework; sourceTree = DEVELOPER_DIR; };
		25417E4218AE03C60093AD8E /* TextAttributesAnalyzerTests-Info.plist */ = {isa = PBXFileReference; lastKnownFileType = text.plist.xml; path = "TextAttributesAnalyzerTests-Info.plist"; sourceTree = "<group>"; };
		25417E4418AE03C60093AD8E /* en */ = {isa = PBXFileReference; lastKnownFileType = text.plist.strings; name = en; path = en.lproj/InfoPlist.strings; sourceTree = "<group>"; };
		25417E4618AE03C60093AD8E /* TextAttributesAnalyzerTests.m */ = {isa = PBXFileReference; lastKnownFileType = sourcecode.c.objc; path = TextAttributesAnalyzerTests.m; sourceTree = "<group>"; };
		25417E5018AE10C30093AD8E /* AttributorViewController.h */ = {isa = PBXFileReference; fileEncoding = 4; lastKnownFileType = sourcecode.c.h; path = AttributorViewController.h; sourceTree = "<group>"; };
		25417E5118AE10C30093AD8E /* AttributorViewController.m */ = {isa = PBXFileReference; fileEncoding = 4; lastKnownFileType = sourcecode.c.objc; path = AttributorViewController.m; sourceTree = "<group>"; };
/* End PBXFileReference section */

/* Begin PBXFrameworksBuildPhase section */
		25417E1518AE03C60093AD8E /* Frameworks */ = {
			isa = PBXFrameworksBuildPhase;
			buildActionMask = 2147483647;
			files = (
				25417E1E18AE03C60093AD8E /* CoreGraphics.framework in Frameworks */,
				25417E2018AE03C60093AD8E /* UIKit.framework in Frameworks */,
				25417E1C18AE03C60093AD8E /* Foundation.framework in Frameworks */,
			);
			runOnlyForDeploymentPostprocessing = 0;
		};
		25417E3618AE03C60093AD8E /* Frameworks */ = {
			isa = PBXFrameworksBuildPhase;
			buildActionMask = 2147483647;
			files = (
				25417E3B18AE03C60093AD8E /* XCTest.framework in Frameworks */,
				25417E3D18AE03C60093AD8E /* UIKit.framework in Frameworks */,
				25417E3C18AE03C60093AD8E /* Foundation.framework in Frameworks */,
			);
			runOnlyForDeploymentPostprocessing = 0;
		};
/* End PBXFrameworksBuildPhase section */

/* Begin PBXGroup section */
		25417E0F18AE03C50093AD8E = {
			isa = PBXGroup;
			children = (
				25417E2118AE03C60093AD8E /* TextAttributesAnalyzer */,
				25417E4018AE03C60093AD8E /* TextAttributesAnalyzerTests */,
				25417E1A18AE03C60093AD8E /* Frameworks */,
				25417E1918AE03C60093AD8E /* Products */,
			);
			sourceTree = "<group>";
		};
		25417E1918AE03C60093AD8E /* Products */ = {
			isa = PBXGroup;
			children = (
				25417E1818AE03C60093AD8E /* TextAttributesAnalyzer.app */,
				25417E3918AE03C60093AD8E /* TextAttributesAnalyzerTests.xctest */,
			);
			name = Products;
			sourceTree = "<group>";
		};
		25417E1A18AE03C60093AD8E /* Frameworks */ = {
			isa = PBXGroup;
			children = (
				25417E1B18AE03C60093AD8E /* Foundation.framework */,
				25417E1D18AE03C60093AD8E /* CoreGraphics.framework */,
				25417E1F18AE03C60093AD8E /* UIKit.framework */,
				25417E3A18AE03C60093AD8E /* XCTest.framework */,
			);
			name = Frameworks;
			sourceTree = "<group>";
		};
		25417E2118AE03C60093AD8E /* TextAttributesAnalyzer */ = {
			isa = PBXGroup;
			children = (
				25417E5018AE10C30093AD8E /* AttributorViewController.h */,
				25417E5118AE10C30093AD8E /* AttributorViewController.m */,
				25417E2D18AE03C60093AD8E /* Main.storyboard */,
				25417E3018AE03C60093AD8E /* TextStatsViewController.h */,
				25417E3118AE03C60093AD8E /* TextStatsViewController.m */,
				25417E3318AE03C60093AD8E /* Images.xcassets */,
				25417E2218AE03C60093AD8E /* Supporting Files */,
			);
			path = TextAttributesAnalyzer;
			sourceTree = "<group>";
		};
		25417E2218AE03C60093AD8E /* Supporting Files */ = {
			isa = PBXGroup;
			children = (
				25417E2A18AE03C60093AD8E /* TextStatsAppDelegate.h */,
				25417E2B18AE03C60093AD8E /* TextStatsAppDelegate.m */,
				25417E2318AE03C60093AD8E /* TextAttributesAnalyzer-Info.plist */,
				25417E2418AE03C60093AD8E /* InfoPlist.strings */,
				25417E2718AE03C60093AD8E /* main.m */,
				25417E2918AE03C60093AD8E /* TextAttributesAnalyzer-Prefix.pch */,
			);
			name = "Supporting Files";
			sourceTree = "<group>";
		};
		25417E4018AE03C60093AD8E /* TextAttributesAnalyzerTests */ = {
			isa = PBXGroup;
			children = (
				25417E4618AE03C60093AD8E /* TextAttributesAnalyzerTests.m */,
				25417E4118AE03C60093AD8E /* Supporting Files */,
			);
			path = TextAttributesAnalyzerTests;
			sourceTree = "<group>";
		};
		25417E4118AE03C60093AD8E /* Supporting Files */ = {
			isa = PBXGroup;
			children = (
				25417E4218AE03C60093AD8E /* TextAttributesAnalyzerTests-Info.plist */,
				25417E4318AE03C60093AD8E /* InfoPlist.strings */,
			);
			name = "Supporting Files";
			sourceTree = "<group>";
		};
/* End PBXGroup section */

/* Begin PBXNativeTarget section */
		25417E1718AE03C60093AD8E /* TextAttributesAnalyzer */ = {
			isa = PBXNativeTarget;
			buildConfigurationList = 25417E4A18AE03C60093AD8E /* Build configuration list for PBXNativeTarget "TextAttributesAnalyzer" */;
			buildPhases = (
				25417E1418AE03C60093AD8E /* Sources */,
				25417E1518AE03C60093AD8E /* Frameworks */,
				25417E1618AE03C60093AD8E /* Resources */,
			);
			buildRules = (
			);
			dependencies = (
			);
			name = TextAttributesAnalyzer;
			productName = TextAttributesAnalyzer;
			productReference = 25417E1818AE03C60093AD8E /* TextAttributesAnalyzer.app */;
			productType = "com.apple.product-type.application";
		};
		25417E3818AE03C60093AD8E /* TextAttributesAnalyzerTests */ = {
			isa = PBXNativeTarget;
			buildConfigurationList = 25417E4D18AE03C60093AD8E /* Build configuration list for PBXNativeTarget "TextAttributesAnalyzerTests" */;
			buildPhases = (
				25417E3518AE03C60093AD8E /* Sources */,
				25417E3618AE03C60093AD8E /* Frameworks */,
				25417E3718AE03C60093AD8E /* Resources */,
			);
			buildRules = (
			);
			dependencies = (
				25417E3F18AE03C60093AD8E /* PBXTargetDependency */,
			);
			name = TextAttributesAnalyzerTests;
			productName = TextAttributesAnalyzerTests;
			productReference = 25417E3918AE03C60093AD8E /* TextAttributesAnalyzerTests.xctest */;
			productType = "com.apple.product-type.bundle.unit-test";
		};
/* End PBXNativeTarget section */

/* Begin PBXProject section */
		25417E1018AE03C60093AD8E /* Project object */ = {
			isa = PBXProject;
			attributes = {
				CLASSPREFIX = TextStatsViewController;
				LastUpgradeCheck = 0500;
				ORGANIZATIONNAME = Karthik;
				TargetAttributes = {
					25417E3818AE03C60093AD8E = {
						TestTargetID = 25417E1718AE03C60093AD8E;
					};
				};
			};
			buildConfigurationList = 25417E1318AE03C60093AD8E /* Build configuration list for PBXProject "TextAttributesAnalyzer" */;
			compatibilityVersion = "Xcode 3.2";
			developmentRegion = English;
			hasScannedForEncodings = 0;
			knownRegions = (
				en,
				Base,
			);
			mainGroup = 25417E0F18AE03C50093AD8E;
			productRefGroup = 25417E1918AE03C60093AD8E /* Products */;
			projectDirPath = "";
			projectRoot = "";
			targets = (
				25417E1718AE03C60093AD8E /* TextAttributesAnalyzer */,
				25417E3818AE03C60093AD8E /* TextAttributesAnalyzerTests */,
			);
		};
/* End PBXProject section */

/* Begin PBXResourcesBuildPhase section */
		25417E1618AE03C60093AD8E /* Resources */ = {
			isa = PBXResourcesBuildPhase;
			buildActionMask = 2147483647;
			files = (
				25417E3418AE03C60093AD8E /* Images.xcassets in Resources */,
				25417E2618AE03C60093AD8E /* InfoPlist.strings in Resources */,
				25417E2F18AE03C60093AD8E /* Main.storyboard in Resources */,
			);
			runOnlyForDeploymentPostprocessing = 0;
		};
		25417E3718AE03C60093AD8E /* Resources */ = {
			isa = PBXResourcesBuildPhase;
			buildActionMask = 2147483647;
			files = (
				25417E4518AE03C60093AD8E /* InfoPlist.strings in Resources */,
			);
			runOnlyForDeploymentPostprocessing = 0;
		};
/* End PBXResourcesBuildPhase section */

/* Begin PBXSourcesBuildPhase section */
		25417E1418AE03C60093AD8E /* Sources */ = {
			isa = PBXSourcesBuildPhase;
			buildActionMask = 2147483647;
			files = (
				25417E5218AE10C30093AD8E /* AttributorViewController.m in Sources */,
				25417E2C18AE03C60093AD8E /* TextStatsAppDelegate.m in Sources */,
				25417E2818AE03C60093AD8E /* main.m in Sources */,
				25417E3218AE03C60093AD8E /* TextStatsViewController.m in Sources */,
			);
			runOnlyForDeploymentPostprocessing = 0;
		};
		25417E3518AE03C60093AD8E /* Sources */ = {
			isa = PBXSourcesBuildPhase;
			buildActionMask = 2147483647;
			files = (
				25417E4718AE03C60093AD8E /* TextAttributesAnalyzerTests.m in Sources */,
			);
			runOnlyForDeploymentPostprocessing = 0;
		};
/* End PBXSourcesBuildPhase section */

/* Begin PBXTargetDependency section */
		25417E3F18AE03C60093AD8E /* PBXTargetDependency */ = {
			isa = PBXTargetDependency;
			target = 25417E1718AE03C60093AD8E /* TextAttributesAnalyzer */;
			targetProxy = 25417E3E18AE03C60093AD8E /* PBXContainerItemProxy */;
		};
/* End PBXTargetDependency section */

/* Begin PBXVariantGroup section */
		25417E2418AE03C60093AD8E /* InfoPlist.strings */ = {
			isa = PBXVariantGroup;
			children = (
				25417E2518AE03C60093AD8E /* en */,
			);
			name = InfoPlist.strings;
			sourceTree = "<group>";
		};
		25417E2D18AE03C60093AD8E /* Main.storyboard */ = {
			isa = PBXVariantGroup;
			children = (
				25417E2E18AE03C60093AD8E /* Base */,
			);
			name = Main.storyboard;
			sourceTree = "<group>";
		};
		25417E4318AE03C60093AD8E /* InfoPlist.strings */ = {
			isa = PBXVariantGroup;
			children = (
				25417E4418AE03C60093AD8E /* en */,
			);
			name = InfoPlist.strings;
			sourceTree = "<group>";
		};
/* End PBXVariantGroup section */

/* Begin XCBuildConfiguration section */
		25417E4818AE03C60093AD8E /* Debug */ = {
			isa = XCBuildConfiguration;
			buildSettings = {
				ALWAYS_SEARCH_USER_PATHS = NO;
				ARCHS = "$(ARCHS_STANDARD_INCLUDING_64_BIT)";
				CLANG_CXX_LANGUAGE_STANDARD = "gnu++0x";
				CLANG_CXX_LIBRARY = "libc++";
				CLANG_ENABLE_MODULES = YES;
				CLANG_ENABLE_OBJC_ARC = YES;
				CLANG_WARN_BOOL_CONVERSION = YES;
				CLANG_WARN_CONSTANT_CONVERSION = YES;
				CLANG_WARN_DIRECT_OBJC_ISA_USAGE = YES_ERROR;
				CLANG_WARN_EMPTY_BODY = YES;
				CLANG_WARN_ENUM_CONVERSION = YES;
				CLANG_WARN_INT_CONVERSION = YES;
				CLANG_WARN_OBJC_ROOT_CLASS = YES_ERROR;
				CLANG_WARN__DUPLICATE_METHOD_MATCH = YES;
				"CODE_SIGN_IDENTITY[sdk=iphoneos*]" = "iPhone Developer";
				COPY_PHASE_STRIP = NO;
				GCC_C_LANGUAGE_STANDARD = gnu99;
				GCC_DYNAMIC_NO_PIC = NO;
				GCC_OPTIMIZATION_LEVEL = 0;
				GCC_PREPROCESSOR_DEFINITIONS = (
					"DEBUG=1",
					"$(inherited)",
				);
				GCC_SYMBOLS_PRIVATE_EXTERN = NO;
				GCC_WARN_64_TO_32_BIT_CONVERSION = YES;
				GCC_WARN_ABOUT_RETURN_TYPE = YES_ERROR;
				GCC_WARN_UNDECLARED_SELECTOR = YES;
				GCC_WARN_UNINITIALIZED_AUTOS = YES;
				GCC_WARN_UNUSED_FUNCTION = YES;
				GCC_WARN_UNUSED_VARIABLE = YES;
				IPHONEOS_DEPLOYMENT_TARGET = 7.0;
				ONLY_ACTIVE_ARCH = YES;
				SDKROOT = iphoneos;
			};
			name = Debug;
		};
		25417E4918AE03C60093AD8E /* Release */ = {
			isa = XCBuildConfiguration;
			buildSettings = {
				ALWAYS_SEARCH_USER_PATHS = NO;
				ARCHS = "$(ARCHS_STANDARD_INCLUDING_64_BIT)";
				CLANG_CXX_LANGUAGE_STANDARD = "gnu++0x";
				CLANG_CXX_LIBRARY = "libc++";
				CLANG_ENABLE_MODULES = YES;
				CLANG_ENABLE_OBJC_ARC = YES;
				CLANG_WARN_BOOL_CONVERSION = YES;
				CLANG_WARN_CONSTANT_CONVERSION = YES;
				CLANG_WARN_DIRECT_OBJC_ISA_USAGE = YES_ERROR;
				CLANG_WARN_EMPTY_BODY = YES;
				CLANG_WARN_ENUM_CONVERSION = YES;
				CLANG_WARN_INT_CONVERSION = YES;
				CLANG_WARN_OBJC_ROOT_CLASS = YES_ERROR;
				CLANG_WARN__DUPLICATE_METHOD_MATCH = YES;
				"CODE_SIGN_IDENTITY[sdk=iphoneos*]" = "iPhone Developer";
				COPY_PHASE_STRIP = YES;
				ENABLE_NS_ASSERTIONS = NO;
				GCC_C_LANGUAGE_STANDARD = gnu99;
				GCC_WARN_64_TO_32_BIT_CONVERSION = YES;
				GCC_WARN_ABOUT_RETURN_TYPE = YES_ERROR;
				GCC_WARN_UNDECLARED_SELECTOR = YES;
				GCC_WARN_UNINITIALIZED_AUTOS = YES;
				GCC_WARN_UNUSED_FUNCTION = YES;
				GCC_WARN_UNUSED_VARIABLE = YES;
				IPHONEOS_DEPLOYMENT_TARGET = 7.0;
				SDKROOT = iphoneos;
				VALIDATE_PRODUCT = YES;
			};
			name = Release;
		};
		25417E4B18AE03C60093AD8E /* Debug */ = {
			isa = XCBuildConfiguration;
			buildSettings = {
				ASSETCATALOG_COMPILER_APPICON_NAME = AppIcon;
				ASSETCATALOG_COMPILER_LAUNCHIMAGE_NAME = LaunchImage;
				GCC_PRECOMPILE_PREFIX_HEADER = YES;
				GCC_PREFIX_HEADER = "TextAttributesAnalyzer/TextAttributesAnalyzer-Prefix.pch";
				INFOPLIST_FILE = "TextAttributesAnalyzer/TextAttributesAnalyzer-Info.plist";
				PRODUCT_NAME = "$(TARGET_NAME)";
				WRAPPER_EXTENSION = app;
			};
			name = Debug;
		};
		25417E4C18AE03C60093AD8E /* Release */ = {
			isa = XCBuildConfiguration;
			buildSettings = {
				ASSETCATALOG_COMPILER_APPICON_NAME = AppIcon;
				ASSETCATALOG_COMPILER_LAUNCHIMAGE_NAME = LaunchImage;
				GCC_PRECOMPILE_PREFIX_HEADER = YES;
				GCC_PREFIX_HEADER = "TextAttributesAnalyzer/TextAttributesAnalyzer-Prefix.pch";
				INFOPLIST_FILE = "TextAttributesAnalyzer/TextAttributesAnalyzer-Info.plist";
				PRODUCT_NAME = "$(TARGET_NAME)";
				WRAPPER_EXTENSION = app;
			};
			name = Release;
		};
		25417E4E18AE03C60093AD8E /* Debug */ = {
			isa = XCBuildConfiguration;
			buildSettings = {
				ARCHS = "$(ARCHS_STANDARD_INCLUDING_64_BIT)";
				BUNDLE_LOADER = "$(BUILT_PRODUCTS_DIR)/TextAttributesAnalyzer.app/TextAttributesAnalyzer";
				FRAMEWORK_SEARCH_PATHS = (
					"$(SDKROOT)/Developer/Library/Frameworks",
					"$(inherited)",
					"$(DEVELOPER_FRAMEWORKS_DIR)",
				);
				GCC_PRECOMPILE_PREFIX_HEADER = YES;
				GCC_PREFIX_HEADER = "TextAttributesAnalyzer/TextAttributesAnalyzer-Prefix.pch";
				GCC_PREPROCESSOR_DEFINITIONS = (
					"DEBUG=1",
					"$(inherited)",
				);
				INFOPLIST_FILE = "TextAttributesAnalyzerTests/TextAttributesAnalyzerTests-Info.plist";
				PRODUCT_NAME = "$(TARGET_NAME)";
				TEST_HOST = "$(BUNDLE_LOADER)";
				WRAPPER_EXTENSION = xctest;
			};
			name = Debug;
		};
		25417E4F18AE03C60093AD8E /* Release */ = {
			isa = XCBuildConfiguration;
			buildSettings = {
				ARCHS = "$(ARCHS_STANDARD_INCLUDING_64_BIT)";
				BUNDLE_LOADER = "$(BUILT_PRODUCTS_DIR)/TextAttributesAnalyzer.app/TextAttributesAnalyzer";
				FRAMEWORK_SEARCH_PATHS = (
					"$(SDKROOT)/Developer/Library/Frameworks",
					"$(inherited)",
					"$(DEVELOPER_FRAMEWORKS_DIR)",
				);
				GCC_PRECOMPILE_PREFIX_HEADER = YES;
				GCC_PREFIX_HEADER = "TextAttributesAnalyzer/TextAttributesAnalyzer-Prefix.pch";
				INFOPLIST_FILE = "TextAttributesAnalyzerTests/TextAttributesAnalyzerTests-Info.plist";
				PRODUCT_NAME = "$(TARGET_NAME)";
				TEST_HOST = "$(BUNDLE_LOADER)";
				WRAPPER_EXTENSION = xctest;
			};
			name = Release;
		};
/* End XCBuildConfiguration section */

/* Begin XCConfigurationList section */
		25417E1318AE03C60093AD8E /* Build configuration list for PBXProject "TextAttributesAnalyzer" */ = {
			isa = XCConfigurationList;
			buildConfigurations = (
				25417E4818AE03C60093AD8E /* Debug */,
				25417E4918AE03C60093AD8E /* Release */,
			);
			defaultConfigurationIsVisible = 0;
			defaultConfigurationName = Release;
		};
		25417E4A18AE03C60093AD8E /* Build configuration list for PBXNativeTarget "TextAttributesAnalyzer" */ = {
			isa = XCConfigurationList;
			buildConfigurations = (
				25417E4B18AE03C60093AD8E /* Debug */,
				25417E4C18AE03C60093AD8E /* Release */,
			);
			defaultConfigurationIsVisible = 0;
		};
		25417E4D18AE03C60093AD8E /* Build configuration list for PBXNativeTarget "TextAttributesAnalyzerTests" */ = {
			isa = XCConfigurationList;
			buildConfigurations = (
				25417E4E18AE03C60093AD8E /* Debug */,
				25417E4F18AE03C60093AD8E /* Release */,
			);
			defaultConfigurationIsVisible = 0;
		};
/* End XCConfigurationList section */
	};
	rootObject = 25417E1018AE03C60093AD8E /* Project object */;
}
